// !$*UTF8*$!
{
	archiveVersion = 1;
	classes = {
	};
	objectVersion = 46;
	objects = {

/* Begin PBXBuildFile section */
		DBB3E5111B923339009E162A /* main.m in Sources */ = {isa = PBXBuildFile; fileRef = DBB3E5101B923339009E162A /* main.m */; };
		DBB3E5141B923339009E162A /* AppDelegate.m in Sources */ = {isa = PBXBuildFile; fileRef = DBB3E5131B923339009E162A /* AppDelegate.m */; };
		DBB3E5171B923339009E162A /* ViewController.m in Sources */ = {isa = PBXBuildFile; fileRef = DBB3E5161B923339009E162A /* ViewController.m */; };
		DBB3E51A1B923339009E162A /* Main.storyboard in Resources */ = {isa = PBXBuildFile; fileRef = DBB3E5181B923339009E162A /* Main.storyboard */; };
		DBB3E51C1B923339009E162A /* Images.xcassets in Resources */ = {isa = PBXBuildFile; fileRef = DBB3E51B1B923339009E162A /* Images.xcassets */; };
		DBB3E51F1B923339009E162A /* LaunchScreen.xib in Resources */ = {isa = PBXBuildFile; fileRef = DBB3E51D1B923339009E162A /* LaunchScreen.xib */; };
		DBB3E52B1B923339009E162A /* TtttTests.m in Sources */ = {isa = PBXBuildFile; fileRef = DBB3E52A1B923339009E162A /* TtttTests.m */; };
/* End PBXBuildFile section */

/* Begin PBXContainerItemProxy section */
		DBB3E5251B923339009E162A /* PBXContainerItemProxy */ = {
			isa = PBXContainerItemProxy;
			containerPortal = DBB3E5031B923339009E162A /* Project object */;
			proxyType = 1;
			remoteGlobalIDString = DBB3E50A1B923339009E162A;
			remoteInfo = Tttt;
		};
/* End PBXContainerItemProxy section */

/* Begin PBXFileReference section */
		DBB3E50B1B923339009E162A /* Tttt.app */ = {isa = PBXFileReference; explicitFileType = wrapper.application; includeInIndex = 0; path = Tttt.app; sourceTree = BUILT_PRODUCTS_DIR; };
		DBB3E50F1B923339009E162A /* Info.plist */ = {isa = PBXFileReference; lastKnownFileType = text.plist.xml; path = Info.plist; sourceTree = "<group>"; };
		DBB3E5101B923339009E162A /* main.m */ = {isa = PBXFileReference; lastKnownFileType = sourcecode.c.objc; path = main.m; sourceTree = "<group>"; };
		DBB3E5121B923339009E162A /* AppDelegate.h */ = {isa = PBXFileReference; lastKnownFileType = sourcecode.c.h; path = AppDelegate.h; sourceTree = "<group>"; };
		DBB3E5131B923339009E162A /* AppDelegate.m */ = {isa = PBXFileReference; lastKnownFileType = sourcecode.c.objc; path = AppDelegate.m; sourceTree = "<group>"; };
		DBB3E5151B923339009E162A /* ViewController.h */ = {isa = PBXFileReference; lastKnownFileType = sourcecode.c.h; path = ViewController.h; sourceTree = "<group>"; };
		DBB3E5161B923339009E162A /* ViewController.m */ = {isa = PBXFileReference; lastKnownFileType = sourcecode.c.objc; path = ViewController.m; sourceTree = "<group>"; };
		DBB3E5191B923339009E162A /* Base */ = {isa = PBXFileReference; lastKnownFileType = file.storyboard; name = Base; path = Base.lproj/Main.storyboard; sourceTree = "<group>"; };
		DBB3E51B1B923339009E162A /* Images.xcassets */ = {isa = PBXFileReference; lastKnownFileType = folder.assetcatalog; path = Images.xcassets; sourceTree = "<group>"; };
		DBB3E51E1B923339009E162A /* Base */ = {isa = PBXFileReference; lastKnownFileType = file.xib; name = Base; path = Base.lproj/LaunchScreen.xib; sourceTree = "<group>"; };
		DBB3E5241B923339009E162A /* TtttTests.xctest */ = {isa = PBXFileReference; explicitFileType = wrapper.cfbundle; includeInIndex = 0; path = TtttTests.xctest; sourceTree = BUILT_PRODUCTS_DIR; };
		DBB3E5291B923339009E162A /* Info.plist */ = {isa = PBXFileReference; lastKnownFileType = text.plist.xml; path = Info.plist; sourceTree = "<group>"; };
		DBB3E52A1B923339009E162A /* TtttTests.m */ = {isa = PBXFileReference; lastKnownFileType = sourcecode.c.objc; path = TtttTests.m; sourceTree = "<group>"; };
/* End PBXFileReference section */

/* Begin PBXFrameworksBuildPhase section */
		DBB3E5081B923339009E162A /* Frameworks */ = {
			isa = PBXFrameworksBuildPhase;
			buildActionMask = 2147483647;
			files = (
			);
			runOnlyForDeploymentPostprocessing = 0;
		};
		DBB3E5211B923339009E162A /* Frameworks */ = {
			isa = PBXFrameworksBuildPhase;
			buildActionMask = 2147483647;
			files = (
			);
			runOnlyForDeploymentPostprocessing = 0;
		};
/* End PBXFrameworksBuildPhase section */

/* Begin PBXGroup section */
		DBB3E5021B923339009E162A = {
			isa = PBXGroup;
			children = (
				DBB3E50D1B923339009E162A /* Tttt */,
				DBB3E5271B923339009E162A /* TtttTests */,
				DBB3E50C1B923339009E162A /* Products */,
			);
			sourceTree = "<group>";
		};
		DBB3E50C1B923339009E162A /* Products */ = {
			isa = PBXGroup;
			children = (
				DBB3E50B1B923339009E162A /* Tttt.app */,
				DBB3E5241B923339009E162A /* TtttTests.xctest */,
			);
			name = Products;
			sourceTree = "<group>";
		};
		DBB3E50D1B923339009E162A /* Tttt */ = {
			isa = PBXGroup;
			children = (
				DBB3E5121B923339009E162A /* AppDelegate.h */,
				DBB3E5131B923339009E162A /* AppDelegate.m */,
				DBB3E5151B923339009E162A /* ViewController.h */,
				DBB3E5161B923339009E162A /* ViewController.m */,
				DBB3E5181B923339009E162A /* Main.storyboard */,
				DBB3E51B1B923339009E162A /* Images.xcassets */,
				DBB3E51D1B923339009E162A /* LaunchScreen.xib */,
				DBB3E50E1B923339009E162A /* Supporting Files */,
			);
			path = Tttt;
			sourceTree = "<group>";
		};
		DBB3E50E1B923339009E162A /* Supporting Files */ = {
			isa = PBXGroup;
			children = (
				DBB3E50F1B923339009E162A /* Info.plist */,
				DBB3E5101B923339009E162A /* main.m */,
			);
			name = "Supporting Files";
			sourceTree = "<group>";
		};
		DBB3E5271B923339009E162A /* TtttTests */ = {
			isa = PBXGroup;
			children = (
				DBB3E52A1B923339009E162A /* TtttTests.m */,
				DBB3E5281B923339009E162A /* Supporting Files */,
			);
			path = TtttTests;
			sourceTree = "<group>";
		};
		DBB3E5281B923339009E162A /* Supporting Files */ = {
			isa = PBXGroup;
			children = (
				DBB3E5291B923339009E162A /* Info.plist */,
			);
			name = "Supporting Files";
			sourceTree = "<group>";
		};
/* End PBXGroup section */

/* Begin PBXNativeTarget section */
		DBB3E50A1B923339009E162A /* Tttt */ = {
			isa = PBXNativeTarget;
			buildConfigurationList = DBB3E52E1B923339009E162A /* Build configuration list for PBXNativeTarget "Tttt" */;
			buildPhases = (
				DBB3E5071B923339009E162A /* Sources */,
				DBB3E5081B923339009E162A /* Frameworks */,
				DBB3E5091B923339009E162A /* Resources */,
			);
			buildRules = (
			);
			dependencies = (
			);
			name = Tttt;
			productName = Tttt;
			productReference = DBB3E50B1B923339009E162A /* Tttt.app */;
			productType = "com.apple.product-type.application";
		};
		DBB3E5231B923339009E162A /* TtttTests */ = {
			isa = PBXNativeTarget;
			buildConfigurationList = DBB3E5311B923339009E162A /* Build configuration list for PBXNativeTarget "TtttTests" */;
			buildPhases = (
				DBB3E5201B923339009E162A /* Sources */,
				DBB3E5211B923339009E162A /* Frameworks */,
				DBB3E5221B923339009E162A /* Resources */,
			);
			buildRules = (
			);
			dependencies = (
				DBB3E5261B923339009E162A /* PBXTargetDependency */,
			);
			name = TtttTests;
			productName = TtttTests;
			productReference = DBB3E5241B923339009E162A /* TtttTests.xctest */;
			productType = "com.apple.product-type.bundle.unit-test";
		};
/* End PBXNativeTarget section */

/* Begin PBXProject section */
		DBB3E5031B923339009E162A /* Project object */ = {
			isa = PBXProject;
			attributes = {
				LastUpgradeCheck = 0640;
				ORGANIZATIONNAME = huang;
				TargetAttributes = {
					DBB3E50A1B923339009E162A = {
						CreatedOnToolsVersion = 6.4;
					};
					DBB3E5231B923339009E162A = {
						CreatedOnToolsVersion = 6.4;
						TestTargetID = DBB3E50A1B923339009E162A;
					};
				};
			};
			buildConfigurationList = DBB3E5061B923339009E162A /* Build configuration list for PBXProject "Tttt" */;
			compatibilityVersion = "Xcode 3.2";
			developmentRegion = English;
			hasScannedForEncodings = 0;
			knownRegions = (
				en,
				Base,
			);
			mainGroup = DBB3E5021B923339009E162A;
			productRefGroup = DBB3E50C1B923339009E162A /* Products */;
			projectDirPath = "";
			projectRoot = "";
			targets = (
				DBB3E50A1B923339009E162A /* Tttt */,
				DBB3E5231B923339009E162A /* TtttTests */,
			);
		};
/* End PBXProject section */

/* Begin PBXResourcesBuildPhase section */
		DBB3E5091B923339009E162A /* Resources */ = {
			isa = PBXResourcesBuildPhase;
			buildActionMask = 2147483647;
			files = (
				DBB3E51A1B923339009E162A /* Main.storyboard in Resources */,
				DBB3E51F1B923339009E162A /* LaunchScreen.xib in Resources */,
				DBB3E51C1B923339009E162A /* Images.xcassets in Resources */,
			);
			runOnlyForDeploymentPostprocessing = 0;
		};
		DBB3E5221B923339009E162A /* Resources */ = {
			isa = PBXResourcesBuildPhase;
			buildActionMask = 2147483647;
			files = (
			);
			runOnlyForDeploymentPostprocessing = 0;
		};
/* End PBXResourcesBuildPhase section */

/* Begin PBXSourcesBuildPhase section */
		DBB3E5071B923339009E162A /* Sources */ = {
			isa = PBXSourcesBuildPhase;
			buildActionMask = 2147483647;
			files = (
				DBB3E5171B923339009E162A /* ViewController.m in Sources */,
				DBB3E5141B923339009E162A /* AppDelegate.m in Sources */,
				DBB3E5111B923339009E162A /* main.m in Sources */,
			);
			runOnlyForDeploymentPostprocessing = 0;
		};
		DBB3E5201B923339009E162A /* Sources */ = {
			isa = PBXSourcesBuildPhase;
			buildActionMask = 2147483647;
			files = (
				DBB3E52B1B923339009E162A /* TtttTests.m in Sources */,
			);
			runOnlyForDeploymentPostprocessing = 0;
		};
/* End PBXSourcesBuildPhase section */

/* Begin PBXTargetDependency section */
		DBB3E5261B923339009E162A /* PBXTargetDependency */ = {
			isa = PBXTargetDependency;
			target = DBB3E50A1B923339009E162A /* Tttt */;
			targetProxy = DBB3E5251B923339009E162A /* PBXContainerItemProxy */;
		};
/* End PBXTargetDependency section */

/* Begin PBXVariantGroup section */
		DBB3E5181B923339009E162A /* Main.storyboard */ = {
			isa = PBXVariantGroup;
			children = (
				DBB3E5191B923339009E162A /* Base */,
			);
			name = Main.storyboard;
			sourceTree = "<group>";
		};
		DBB3E51D1B923339009E162A /* LaunchScreen.xib */ = {
			isa = PBXVariantGroup;
			children = (
				DBB3E51E1B923339009E162A /* Base */,
			);
			name = LaunchScreen.xib;
			sourceTree = "<group>";
		};
/* End PBXVariantGroup section */

/* Begin XCBuildConfiguration section */
		DBB3E52C1B923339009E162A /* Debug */ = {
			isa = XCBuildConfiguration;
			buildSettings = {
				ALWAYS_SEARCH_USER_PATHS = NO;
				CLANG_CXX_LANGUAGE_STANDARD = "gnu++0x";
				CLANG_CXX_LIBRARY = "libc++";
				CLANG_ENABLE_MODULES = YES;
				CLANG_ENABLE_OBJC_ARC = YES;
				CLANG_WARN_BOOL_CONVERSION = YES;
				CLANG_WARN_CONSTANT_CONVERSION = YES;
				CLANG_WARN_DIRECT_OBJC_ISA_USAGE = YES_ERROR;
				CLANG_WARN_EMPTY_BODY = YES;
				CLANG_WARN_ENUM_CONVERSION = YES;
				CLANG_WARN_INT_CONVERSION = YES;
				CLANG_WARN_OBJC_ROOT_CLASS = YES_ERROR;
				CLANG_WARN_UNREACHABLE_CODE = YES;
				CLANG_WARN__DUPLICATE_METHOD_MATCH = YES;
				"CODE_SIGN_IDENTITY[sdk=iphoneos*]" = "iPhone Developer";
				COPY_PHASE_STRIP = NO;
				DEBUG_INFORMATION_FORMAT = "dwarf-with-dsym";
				ENABLE_STRICT_OBJC_MSGSEND = YES;
				GCC_C_LANGUAGE_STANDARD = gnu99;
				GCC_DYNAMIC_NO_PIC = NO;
				GCC_NO_COMMON_BLOCKS = YES;
				GCC_OPTIMIZATION_LEVEL = 0;
				GCC_PREPROCESSOR_DEFINITIONS = (
					"DEBUG=1",
					"$(inherited)",
				);
				GCC_SYMBOLS_PRIVATE_EXTERN = NO;
				GCC_WARN_64_TO_32_BIT_CONVERSION = YES;
				GCC_WARN_ABOUT_RETURN_TYPE = YES_ERROR;
				GCC_WARN_UNDECLARED_SELECTOR = YES;
				GCC_WARN_UNINITIALIZED_AUTOS = YES_AGGRESSIVE;
				GCC_WARN_UNUSED_FUNCTION = YES;
				GCC_WARN_UNUSED_VARIABLE = YES;
				IPHONEOS_DEPLOYMENT_TARGET = 8.4;
				MTL_ENABLE_DEBUG_INFO = YES;
				ONLY_ACTIVE_ARCH = YES;
				SDKROOT = iphoneos;
			};
			name = Debug;
		};
		DBB3E52D1B923339009E162A /* Release */ = {
			isa = XCBuildConfiguration;
			buildSettings = {
				ALWAYS_SEARCH_USER_PATHS = NO;
				CLANG_CXX_LANGUAGE_STANDARD = "gnu++0x";
				CLANG_CXX_LIBRARY = "libc++";
				CLANG_ENABLE_MODULES = YES;
				CLANG_ENABLE_OBJC_ARC = YES;
				CLANG_WARN_BOOL_CONVERSION = YES;
				CLANG_WARN_CONSTANT_CONVERSION = YES;
				CLANG_WARN_DIRECT_OBJC_ISA_USAGE = YES_ERROR;
				CLANG_WARN_EMPTY_BODY = YES;
				CLANG_WARN_ENUM_CONVERSION = YES;
				CLANG_WARN_INT_CONVERSION = YES;
				CLANG_WARN_OBJC_ROOT_CLASS = YES_ERROR;
				CLANG_WARN_UNREACHABLE_CODE = YES;
				CLANG_WARN__DUPLICATE_METHOD_MATCH = YES;
				"CODE_SIGN_IDENTITY[sdk=iphoneos*]" = "iPhone Developer";
				COPY_PHASE_STRIP = NO;
				DEBUG_INFORMATION_FORMAT = "dwarf-with-dsym";
				ENABLE_NS_ASSERTIONS = NO;
				ENABLE_STRICT_OBJC_MSGSEND = YES;
				GCC_C_LANGUAGE_STANDARD = gnu99;
				GCC_NO_COMMON_BLOCKS = YES;
				GCC_WARN_64_TO_32_BIT_CONVERSION = YES;
				GCC_WARN_ABOUT_RETURN_TYPE = YES_ERROR;
				GCC_WARN_UNDECLARED_SELECTOR = YES;
				GCC_WARN_UNINITIALIZED_AUTOS = YES_AGGRESSIVE;
				GCC_WARN_UNUSED_FUNCTION = YES;
				GCC_WARN_UNUSED_VARIABLE = YES;
				IPHONEOS_DEPLOYMENT_TARGET = 8.4;
				MTL_ENABLE_DEBUG_INFO = NO;
				SDKROOT = iphoneos;
				VALIDATE_PRODUCT = YES;
			};
			name = Release;
		};
		DBB3E52F1B923339009E162A /* Debug */ = {
			isa = XCBuildConfiguration;
			buildSettings = {
				ASSETCATALOG_COMPILER_APPICON_NAME = AppIcon;
				INFOPLIST_FILE = Tttt/Info.plist;
				LD_RUNPATH_SEARCH_PATHS = "$(inherited) @executable_path/Frameworks";
				PRODUCT_NAME = "$(TARGET_NAME)";
			};
			name = Debug;
		};
		DBB3E5301B923339009E162A /* Release */ = {
			isa = XCBuildConfiguration;
			buildSettings = {
				ASSETCATALOG_COMPILER_APPICON_NAME = AppIcon;
				INFOPLIST_FILE = Tttt/Info.plist;
				LD_RUNPATH_SEARCH_PATHS = "$(inherited) @executable_path/Frameworks";
				PRODUCT_NAME = "$(TARGET_NAME)";
			};
			name = Release;
		};
		DBB3E5321B923339009E162A /* Debug */ = {
			isa = XCBuildConfiguration;
			buildSettings = {
				BUNDLE_LOADER = "$(TEST_HOST)";
				FRAMEWORK_SEARCH_PATHS = (
					"$(SDKROOT)/Developer/Library/Frameworks",
					"$(inherited)",
				);
				GCC_PREPROCESSOR_DEFINITIONS = (
					"DEBUG=1",
					"$(inherited)",
				);
				INFOPLIST_FILE = TtttTests/Info.plist;
				LD_RUNPATH_SEARCH_PATHS = "$(inherited) @executable_path/Frameworks @loader_path/Frameworks";
				PRODUCT_NAME = "$(TARGET_NAME)";
				TEST_HOST = "$(BUILT_PRODUCTS_DIR)/Tttt.app/Tttt";
			};
			name = Debug;
		};
		DBB3E5331B923339009E162A /* Release */ = {
			isa = XCBuildConfiguration;
			buildSettings = {
				BUNDLE_LOADER = "$(TEST_HOST)";
				FRAMEWORK_SEARCH_PATHS = (
					"$(SDKROOT)/Developer/Library/Frameworks",
					"$(inherited)",
				);
				INFOPLIST_FILE = TtttTests/Info.plist;
				LD_RUNPATH_SEARCH_PATHS = "$(inherited) @executable_path/Frameworks @loader_path/Frameworks";
				PRODUCT_NAME = "$(TARGET_NAME)";
				TEST_HOST = "$(BUILT_PRODUCTS_DIR)/Tttt.app/Tttt";
			};
			name = Release;
		};
/* End XCBuildConfiguration section */

/* Begin XCConfigurationList section */
		DBB3E5061B923339009E162A /* Build configuration list for PBXProject "Tttt" */ = {
			isa = XCConfigurationList;
			buildConfigurations = (
				DBB3E52C1B923339009E162A /* Debug */,
				DBB3E52D1B923339009E162A /* Release */,
			);
			defaultConfigurationIsVisible = 0;
			defaultConfigurationName = Release;
		};
		DBB3E52E1B923339009E162A /* Build configuration list for PBXNativeTarget "Tttt" */ = {
			isa = XCConfigurationList;
			buildConfigurations = (
				DBB3E52F1B923339009E162A /* Debug */,
				DBB3E5301B923339009E162A /* Release */,
			);
			defaultConfigurationIsVisible = 0;
		};
		DBB3E5311B923339009E162A /* Build configuration list for PBXNativeTarget "TtttTests" */ = {
			isa = XCConfigurationList;
			buildConfigurations = (
				DBB3E5321B923339009E162A /* Debug */,
				DBB3E5331B923339009E162A /* Release */,
			);
			defaultConfigurationIsVisible = 0;
		};
/* End XCConfigurationList section */
	};
	rootObject = DBB3E5031B923339009E162A /* Project object */;
}
